
Microsoft Visual Studio Solution File, Format Version 12.00
# Visual Studio Version 17
VisualStudioVersion = 17.14.36202.13 d17.14
MinimumVisualStudioVersion = 10.0.40219.1
Project("{2150E333-8FDC-42A3-9474-1A3956D46DE8}") = "SRC", "SRC", "{02EA681E-C7D8-13C7-8484-4AC65E1B71E8}"
EndProject
Project("{2150E333-8FDC-42A3-9474-1A3956D46DE8}") = "Contratos", "Contratos", "{122F916A-8052-4777-8269-2ABE65B8FFDD}"
EndProject
Project("{FAE04EC0-301F-11D3-BF4B-00C04F79EFBC}") = "Certificador.CBL.Api", "Certificador.CBL.API\Certificador.CBL.Api.csproj", "{3C223952-B76B-4A73-B3A3-E08CF7CD0AE5}"
EndProject
Project("{FAE04EC0-301F-11D3-BF4B-00C04F79EFBC}") = "Certificador.CSV.Api", "Certificador.CSV.API\Certificador.CSV.Api.csproj", "{64392C70-AB4C-4056-B684-139EDC4B3D7A}"
EndProject
Project("{2150E333-8FDC-42A3-9474-1A3956D46DE8}") = "Data", "Data", "{B21B52E3-454B-4918-B545-4A31D5E2BC54}"
EndProject
Project("{FAE04EC0-301F-11D3-BF4B-00C04F79EFBC}") = "Certificador.DAL.Api", "Certificador.DAL.API\Certificador.DAL.Api.csproj", "{093D2D99-48FE-4885-A25A-D116973B9EEA}"
EndProject
Project("{FAE04EC0-301F-11D3-BF4B-00C04F79EFBC}") = "Certificador.DTO.Api", "Certificador.DTO.API\Certificador.DTO.Api.csproj", "{0292A003-266C-491C-91C0-FC3E2DFB083E}"
EndProject
Project("{2150E333-8FDC-42A3-9474-1A3956D46DE8}") = "Negocio", "Negocio", "{D22FEA83-8DA5-4DCC-AC79-1417EA77DAD0}"
EndProject
Project("{FAE04EC0-301F-11D3-BF4B-00C04F79EFBC}") = "Certificador.BLL.Api", "Certificador.BLL.API\Certificador.BLL.Api.csproj", "{64F98FC7-6A52-45C6-A1D5-6065B568BF20}"
EndProject
Project("{2150E333-8FDC-42A3-9474-1A3956D46DE8}") = "Servicios", "Servicios", "{B84816C5-2B7A-4C81-AE8D-24FFC4F90AE8}"
EndProject
Project("{FAE04EC0-301F-11D3-BF4B-00C04F79EFBC}") = "Certificador.BSV.Api", "Certificador.BSV.Api\Certificador.BSV.Api.csproj", "{7446D4A8-4BCF-4B37-8F10-AD1DEFA4F17C}"
EndProject
Project("{FAE04EC0-301F-11D3-BF4B-00C04F79EFBC}") = "Certificador.SVL.Api", "Certificador.SVL.Api\Certificador.SVL.Api.csproj", "{5564FB54-F8F3-4646-8393-EE5B8797EC3E}"
EndProject
Project("{2150E333-8FDC-42A3-9474-1A3956D46DE8}") = "Tests", "Tests", "{930F2352-EC44-46EB-967B-FB265F3EFD72}"
EndProject
Project("{FAE04EC0-301F-11D3-BF4B-00C04F79EFBC}") = "Certificador.TESTS.Api", "Certificador.TESTS.Api\Certificador.TESTS.Api.csproj", "{E927430C-B593-45E3-9459-A9507A42FD59}"
EndProject
Global
	GlobalSection(SolutionConfigurationPlatforms) = preSolution
		Debug|Any CPU = Debug|Any CPU
		Release|Any CPU = Release|Any CPU
	EndGlobalSection
	GlobalSection(ProjectConfigurationPlatforms) = postSolution
		{3C223952-B76B-4A73-B3A3-E08CF7CD0AE5}.Debug|Any CPU.ActiveCfg = Debug|Any CPU
		{3C223952-B76B-4A73-B3A3-E08CF7CD0AE5}.Debug|Any CPU.Build.0 = Debug|Any CPU
		{3C223952-B76B-4A73-B3A3-E08CF7CD0AE5}.Release|Any CPU.ActiveCfg = Release|Any CPU
		{3C223952-B76B-4A73-B3A3-E08CF7CD0AE5}.Release|Any CPU.Build.0 = Release|Any CPU
		{64392C70-AB4C-4056-B684-139EDC4B3D7A}.Debug|Any CPU.ActiveCfg = Debug|Any CPU
		{64392C70-AB4C-4056-B684-139EDC4B3D7A}.Debug|Any CPU.Build.0 = Debug|Any CPU
		{64392C70-AB4C-4056-B684-139EDC4B3D7A}.Release|Any CPU.ActiveCfg = Release|Any CPU
		{64392C70-AB4C-4056-B684-139EDC4B3D7A}.Release|Any CPU.Build.0 = Release|Any CPU
		{093D2D99-48FE-4885-A25A-D116973B9EEA}.Debug|Any CPU.ActiveCfg = Debug|Any CPU
		{093D2D99-48FE-4885-A25A-D116973B9EEA}.Debug|Any CPU.Build.0 = Debug|Any CPU
		{093D2D99-48FE-4885-A25A-D116973B9EEA}.Release|Any CPU.ActiveCfg = Release|Any CPU
		{093D2D99-48FE-4885-A25A-D116973B9EEA}.Release|Any CPU.Build.0 = Release|Any CPU
		{0292A003-266C-491C-91C0-FC3E2DFB083E}.Debug|Any CPU.ActiveCfg = Debug|Any CPU
		{0292A003-266C-491C-91C0-FC3E2DFB083E}.Debug|Any CPU.Build.0 = Debug|Any CPU
		{0292A003-266C-491C-91C0-FC3E2DFB083E}.Release|Any CPU.ActiveCfg = Release|Any CPU
		{0292A003-266C-491C-91C0-FC3E2DFB083E}.Release|Any CPU.Build.0 = Release|Any CPU
		{64F98FC7-6A52-45C6-A1D5-6065B568BF20}.Debug|Any CPU.ActiveCfg = Debug|Any CPU
		{64F98FC7-6A52-45C6-A1D5-6065B568BF20}.Debug|Any CPU.Build.0 = Debug|Any CPU
		{64F98FC7-6A52-45C6-A1D5-6065B568BF20}.Release|Any CPU.ActiveCfg = Release|Any CPU
		{64F98FC7-6A52-45C6-A1D5-6065B568BF20}.Release|Any CPU.Build.0 = Release|Any CPU
		{7446D4A8-4BCF-4B37-8F10-AD1DEFA4F17C}.Debug|Any CPU.ActiveCfg = Debug|Any CPU
		{7446D4A8-4BCF-4B37-8F10-AD1DEFA4F17C}.Debug|Any CPU.Build.0 = Debug|Any CPU
		{7446D4A8-4BCF-4B37-8F10-AD1DEFA4F17C}.Release|Any CPU.ActiveCfg = Release|Any CPU
		{7446D4A8-4BCF-4B37-8F10-AD1DEFA4F17C}.Release|Any CPU.Build.0 = Release|Any CPU
		{5564FB54-F8F3-4646-8393-EE5B8797EC3E}.Debug|Any CPU.ActiveCfg = Debug|Any CPU
		{5564FB54-F8F3-4646-8393-EE5B8797EC3E}.Debug|Any CPU.Build.0 = Debug|Any CPU
		{5564FB54-F8F3-4646-8393-EE5B8797EC3E}.Release|Any CPU.ActiveCfg = Release|Any CPU
		{5564FB54-F8F3-4646-8393-EE5B8797EC3E}.Release|Any CPU.Build.0 = Release|Any CPU
		{E927430C-B593-45E3-9459-A9507A42FD59}.Debug|Any CPU.ActiveCfg = Debug|Any CPU
		{E927430C-B593-45E3-9459-A9507A42FD59}.Debug|Any CPU.Build.0 = Debug|Any CPU
		{E927430C-B593-45E3-9459-A9507A42FD59}.Release|Any CPU.ActiveCfg = Release|Any CPU
		{E927430C-B593-45E3-9459-A9507A42FD59}.Release|Any CPU.Build.0 = Release|Any CPU
	EndGlobalSection
	GlobalSection(SolutionProperties) = preSolution
		HideSolutionNode = FALSE
	EndGlobalSection
	GlobalSection(NestedProjects) = preSolution
		{122F916A-8052-4777-8269-2ABE65B8FFDD} = {02EA681E-C7D8-13C7-8484-4AC65E1B71E8}
		{3C223952-B76B-4A73-B3A3-E08CF7CD0AE5} = {122F916A-8052-4777-8269-2ABE65B8FFDD}
		{64392C70-AB4C-4056-B684-139EDC4B3D7A} = {122F916A-8052-4777-8269-2ABE65B8FFDD}
		{B21B52E3-454B-4918-B545-4A31D5E2BC54} = {02EA681E-C7D8-13C7-8484-4AC65E1B71E8}
		{093D2D99-48FE-4885-A25A-D116973B9EEA} = {B21B52E3-454B-4918-B545-4A31D5E2BC54}
		{0292A003-266C-491C-91C0-FC3E2DFB083E} = {B21B52E3-454B-4918-B545-4A31D5E2BC54}
		{D22FEA83-8DA5-4DCC-AC79-1417EA77DAD0} = {02EA681E-C7D8-13C7-8484-4AC65E1B71E8}
		{64F98FC7-6A52-45C6-A1D5-6065B568BF20} = {D22FEA83-8DA5-4DCC-AC79-1417EA77DAD0}
		{B84816C5-2B7A-4C81-AE8D-24FFC4F90AE8} = {02EA681E-C7D8-13C7-8484-4AC65E1B71E8}
		{7446D4A8-4BCF-4B37-8F10-AD1DEFA4F17C} = {B84816C5-2B7A-4C81-AE8D-24FFC4F90AE8}
		{5564FB54-F8F3-4646-8393-EE5B8797EC3E} = {B84816C5-2B7A-4C81-AE8D-24FFC4F90AE8}
		{E927430C-B593-45E3-9459-A9507A42FD59} = {930F2352-EC44-46EB-967B-FB265F3EFD72}
	EndGlobalSection
	GlobalSection(ExtensibilityGlobals) = postSolution
		SolutionGuid = {A326D81C-1D7E-459B-B6CA-8C5CBC0A90D5}
	EndGlobalSection
EndGlobal
